// !$*UTF8*$!
{
	archiveVersion = 1;
	classes = {
	};
	objectVersion = 56;
	objects = {

/* Begin PBXBuildFile section */
		1C46368A2BE7AEAE00C2C7DB /* Selection.swift in Sources */ = {isa = PBXBuildFile; fileRef = 1C4636892BE7AEAE00C2C7DB /* Selection.swift */; };
		1C62A3CA2BE694CC00D1EDFE /* RecipeBrowserApp.swift in Sources */ = {isa = PBXBuildFile; fileRef = 1C62A3C92BE694CC00D1EDFE /* RecipeBrowserApp.swift */; };
		1C62A3CC2BE694CC00D1EDFE /* RecipeView.swift in Sources */ = {isa = PBXBuildFile; fileRef = 1C62A3CB2BE694CC00D1EDFE /* RecipeView.swift */; };
		1C62A3CE2BE694CE00D1EDFE /* Assets.xcassets in Resources */ = {isa = PBXBuildFile; fileRef = 1C62A3CD2BE694CE00D1EDFE /* Assets.xcassets */; };
		1C62A3D12BE694CE00D1EDFE /* Preview Assets.xcassets in Resources */ = {isa = PBXBuildFile; fileRef = 1C62A3D02BE694CE00D1EDFE /* Preview Assets.xcassets */; };
		1C62A3D92BE6966800D1EDFE /* FirebaseAnalytics in Frameworks */ = {isa = PBXBuildFile; productRef = 1C62A3D82BE6966800D1EDFE /* FirebaseAnalytics */; };
		1C62A3DB2BE6966800D1EDFE /* FirebaseAnalyticsOnDeviceConversion in Frameworks */ = {isa = PBXBuildFile; productRef = 1C62A3DA2BE6966800D1EDFE /* FirebaseAnalyticsOnDeviceConversion */; };
		1C62A3DD2BE6966800D1EDFE /* FirebaseAnalyticsSwift in Frameworks */ = {isa = PBXBuildFile; productRef = 1C62A3DC2BE6966800D1EDFE /* FirebaseAnalyticsSwift */; };
		1C62A3DF2BE6966800D1EDFE /* FirebaseAnalyticsWithoutAdIdSupport in Frameworks */ = {isa = PBXBuildFile; productRef = 1C62A3DE2BE6966800D1EDFE /* FirebaseAnalyticsWithoutAdIdSupport */; };
		1C62A3E12BE6966800D1EDFE /* FirebaseAppCheck in Frameworks */ = {isa = PBXBuildFile; productRef = 1C62A3E02BE6966800D1EDFE /* FirebaseAppCheck */; };
		1C62A3E42BE696CC00D1EDFE /* FirebaseDatabase in Frameworks */ = {isa = PBXBuildFile; productRef = 1C62A3E32BE696CC00D1EDFE /* FirebaseDatabase */; };
		1C62A3E62BE696CF00D1EDFE /* FirebaseDatabaseSwift in Frameworks */ = {isa = PBXBuildFile; productRef = 1C62A3E52BE696CF00D1EDFE /* FirebaseDatabaseSwift */; };
		1C62A3E82BE697C800D1EDFE /* GoogleService-Info.plist in Resources */ = {isa = PBXBuildFile; fileRef = 1C62A3E72BE697C800D1EDFE /* GoogleService-Info.plist */; };
		1C62A3EB2BE6AA3700D1EDFE /* Recipe.swift in Sources */ = {isa = PBXBuildFile; fileRef = 1C62A3EA2BE6AA3700D1EDFE /* Recipe.swift */; };
		1C62A3ED2BE6AB3200D1EDFE /* RecipeViewModel.swift in Sources */ = {isa = PBXBuildFile; fileRef = 1C62A3EC2BE6AB3200D1EDFE /* RecipeViewModel.swift */; };
		1C62A3F02BE6CB0300D1EDFE /* SearchView.swift in Sources */ = {isa = PBXBuildFile; fileRef = 1C62A3EF2BE6CB0300D1EDFE /* SearchView.swift */; };
		1C62A3F32BE6D69600D1EDFE /* MainView.swift in Sources */ = {isa = PBXBuildFile; fileRef = 1C62A3F22BE6D69600D1EDFE /* MainView.swift */; };
		1C86C4B12BEA46B600627BF1 /* RecipeDetail.swift in Sources */ = {isa = PBXBuildFile; fileRef = 1C86C4B02BEA46B600627BF1 /* RecipeDetail.swift */; };
		1C86C4B52BEA82B400627BF1 /* SelectedIngredientsView.swift in Sources */ = {isa = PBXBuildFile; fileRef = 1C86C4B42BEA82B400627BF1 /* SelectedIngredientsView.swift */; };
/* End PBXBuildFile section */

/* Begin PBXFileReference section */
		1C4636892BE7AEAE00C2C7DB /* Selection.swift */ = {isa = PBXFileReference; lastKnownFileType = sourcecode.swift; path = Selection.swift; sourceTree = "<group>"; };
		1C62A3C62BE694CC00D1EDFE /* RecipeBrowser.app */ = {isa = PBXFileReference; explicitFileType = wrapper.application; includeInIndex = 0; path = RecipeBrowser.app; sourceTree = BUILT_PRODUCTS_DIR; };
		1C62A3C92BE694CC00D1EDFE /* RecipeBrowserApp.swift */ = {isa = PBXFileReference; lastKnownFileType = sourcecode.swift; path = RecipeBrowserApp.swift; sourceTree = "<group>"; };
		1C62A3CB2BE694CC00D1EDFE /* RecipeView.swift */ = {isa = PBXFileReference; lastKnownFileType = sourcecode.swift; path = RecipeView.swift; sourceTree = "<group>"; };
		1C62A3CD2BE694CE00D1EDFE /* Assets.xcassets */ = {isa = PBXFileReference; lastKnownFileType = folder.assetcatalog; path = Assets.xcassets; sourceTree = "<group>"; };
		1C62A3D02BE694CE00D1EDFE /* Preview Assets.xcassets */ = {isa = PBXFileReference; lastKnownFileType = folder.assetcatalog; path = "Preview Assets.xcassets"; sourceTree = "<group>"; };
		1C62A3E72BE697C800D1EDFE /* GoogleService-Info.plist */ = {isa = PBXFileReference; fileEncoding = 4; lastKnownFileType = text.plist.xml; path = "GoogleService-Info.plist"; sourceTree = "<group>"; };
		1C62A3EA2BE6AA3700D1EDFE /* Recipe.swift */ = {isa = PBXFileReference; lastKnownFileType = sourcecode.swift; path = Recipe.swift; sourceTree = "<group>"; };
		1C62A3EC2BE6AB3200D1EDFE /* RecipeViewModel.swift */ = {isa = PBXFileReference; lastKnownFileType = sourcecode.swift; path = RecipeViewModel.swift; sourceTree = "<group>"; };
		1C62A3EF2BE6CB0300D1EDFE /* SearchView.swift */ = {isa = PBXFileReference; lastKnownFileType = sourcecode.swift; path = SearchView.swift; sourceTree = "<group>"; };
		1C62A3F12BE6CF5B00D1EDFE /* Info.plist */ = {isa = PBXFileReference; lastKnownFileType = text.plist; path = Info.plist; sourceTree = "<group>"; };
		1C62A3F22BE6D69600D1EDFE /* MainView.swift */ = {isa = PBXFileReference; lastKnownFileType = sourcecode.swift; path = MainView.swift; sourceTree = "<group>"; };
		1C86C4B02BEA46B600627BF1 /* RecipeDetail.swift */ = {isa = PBXFileReference; lastKnownFileType = sourcecode.swift; path = RecipeDetail.swift; sourceTree = "<group>"; };
		1C86C4B42BEA82B400627BF1 /* SelectedIngredientsView.swift */ = {isa = PBXFileReference; lastKnownFileType = sourcecode.swift; path = SelectedIngredientsView.swift; sourceTree = "<group>"; };
/* End PBXFileReference section */

/* Begin PBXFrameworksBuildPhase section */
		1C62A3C32BE694CC00D1EDFE /* Frameworks */ = {
			isa = PBXFrameworksBuildPhase;
			buildActionMask = 2147483647;
			files = (
				1C62A3E62BE696CF00D1EDFE /* FirebaseDatabaseSwift in Frameworks */,
				1C62A3E42BE696CC00D1EDFE /* FirebaseDatabase in Frameworks */,
				1C62A3DD2BE6966800D1EDFE /* FirebaseAnalyticsSwift in Frameworks */,
				1C62A3D92BE6966800D1EDFE /* FirebaseAnalytics in Frameworks */,
				1C62A3DB2BE6966800D1EDFE /* FirebaseAnalyticsOnDeviceConversion in Frameworks */,
				1C62A3E12BE6966800D1EDFE /* FirebaseAppCheck in Frameworks */,
				1C62A3DF2BE6966800D1EDFE /* FirebaseAnalyticsWithoutAdIdSupport in Frameworks */,
			);
			runOnlyForDeploymentPostprocessing = 0;
		};
/* End PBXFrameworksBuildPhase section */

/* Begin PBXGroup section */
		1C62A3BD2BE694CC00D1EDFE = {
			isa = PBXGroup;
			children = (
				1C62A3C82BE694CC00D1EDFE /* RecipeBrowser */,
				1C62A3C72BE694CC00D1EDFE /* Products */,
				1C62A3E22BE696CC00D1EDFE /* Frameworks */,
			);
			sourceTree = "<group>";
		};
		1C62A3C72BE694CC00D1EDFE /* Products */ = {
			isa = PBXGroup;
			children = (
				1C62A3C62BE694CC00D1EDFE /* RecipeBrowser.app */,
			);
			name = Products;
			sourceTree = "<group>";
		};
		1C62A3C82BE694CC00D1EDFE /* RecipeBrowser */ = {
			isa = PBXGroup;
			children = (
				1C62A3F12BE6CF5B00D1EDFE /* Info.plist */,
				1C62A3C92BE694CC00D1EDFE /* RecipeBrowserApp.swift */,
				1C62A3E92BE6AA2500D1EDFE /* Model */,
				1C62A3EE2BE6CAE200D1EDFE /* Views */,
				1C62A3CD2BE694CE00D1EDFE /* Assets.xcassets */,
				1C62A3E72BE697C800D1EDFE /* GoogleService-Info.plist */,
				1C62A3CF2BE694CE00D1EDFE /* Preview Content */,
			);
			path = RecipeBrowser;
			sourceTree = "<group>";
		};
		1C62A3CF2BE694CE00D1EDFE /* Preview Content */ = {
			isa = PBXGroup;
			children = (
				1C62A3D02BE694CE00D1EDFE /* Preview Assets.xcassets */,
			);
			path = "Preview Content";
			sourceTree = "<group>";
		};
		1C62A3E22BE696CC00D1EDFE /* Frameworks */ = {
			isa = PBXGroup;
			children = (
			);
			name = Frameworks;
			sourceTree = "<group>";
		};
		1C62A3E92BE6AA2500D1EDFE /* Model */ = {
			isa = PBXGroup;
			children = (
				1C62A3EA2BE6AA3700D1EDFE /* Recipe.swift */,
				1C62A3EC2BE6AB3200D1EDFE /* RecipeViewModel.swift */,
				1C4636892BE7AEAE00C2C7DB /* Selection.swift */,
			);
			path = Model;
			sourceTree = "<group>";
		};
		1C62A3EE2BE6CAE200D1EDFE /* Views */ = {
			isa = PBXGroup;
			children = (
				1C62A3CB2BE694CC00D1EDFE /* RecipeView.swift */,
				1C86C4B02BEA46B600627BF1 /* RecipeDetail.swift */,
				1C62A3EF2BE6CB0300D1EDFE /* SearchView.swift */,
				1C62A3F22BE6D69600D1EDFE /* MainView.swift */,
				1C86C4B42BEA82B400627BF1 /* SelectedIngredientsView.swift */,
			);
			path = Views;
			sourceTree = "<group>";
		};
/* End PBXGroup section */

/* Begin PBXNativeTarget section */
		1C62A3C52BE694CC00D1EDFE /* RecipeBrowser */ = {
			isa = PBXNativeTarget;
			buildConfigurationList = 1C62A3D42BE694CE00D1EDFE /* Build configuration list for PBXNativeTarget "RecipeBrowser" */;
			buildPhases = (
				1C62A3C22BE694CC00D1EDFE /* Sources */,
				1C62A3C32BE694CC00D1EDFE /* Frameworks */,
				1C62A3C42BE694CC00D1EDFE /* Resources */,
			);
			buildRules = (
			);
			dependencies = (
			);
			name = RecipeBrowser;
			packageProductDependencies = (
				1C62A3D82BE6966800D1EDFE /* FirebaseAnalytics */,
				1C62A3DA2BE6966800D1EDFE /* FirebaseAnalyticsOnDeviceConversion */,
				1C62A3DC2BE6966800D1EDFE /* FirebaseAnalyticsSwift */,
				1C62A3DE2BE6966800D1EDFE /* FirebaseAnalyticsWithoutAdIdSupport */,
				1C62A3E02BE6966800D1EDFE /* FirebaseAppCheck */,
				1C62A3E32BE696CC00D1EDFE /* FirebaseDatabase */,
				1C62A3E52BE696CF00D1EDFE /* FirebaseDatabaseSwift */,
			);
			productName = RecipeBrowser;
			productReference = 1C62A3C62BE694CC00D1EDFE /* RecipeBrowser.app */;
			productType = "com.apple.product-type.application";
		};
/* End PBXNativeTarget section */

/* Begin PBXProject section */
		1C62A3BE2BE694CC00D1EDFE /* Project object */ = {
			isa = PBXProject;
			attributes = {
				BuildIndependentTargetsInParallel = 1;
				LastSwiftUpdateCheck = 1520;
				LastUpgradeCheck = 1520;
				TargetAttributes = {
					1C62A3C52BE694CC00D1EDFE = {
						CreatedOnToolsVersion = 15.2;
					};
				};
			};
			buildConfigurationList = 1C62A3C12BE694CC00D1EDFE /* Build configuration list for PBXProject "RecipeBrowser" */;
			compatibilityVersion = "Xcode 14.0";
			developmentRegion = en;
			hasScannedForEncodings = 0;
			knownRegions = (
				en,
				Base,
			);
			mainGroup = 1C62A3BD2BE694CC00D1EDFE;
			packageReferences = (
				1C62A3D72BE6966800D1EDFE /* XCRemoteSwiftPackageReference "firebase-ios-sdk" */,
			);
			productRefGroup = 1C62A3C72BE694CC00D1EDFE /* Products */;
			projectDirPath = "";
			projectRoot = "";
			targets = (
				1C62A3C52BE694CC00D1EDFE /* RecipeBrowser */,
			);
		};
/* End PBXProject section */

/* Begin PBXResourcesBuildPhase section */
		1C62A3C42BE694CC00D1EDFE /* Resources */ = {
			isa = PBXResourcesBuildPhase;
			buildActionMask = 2147483647;
			files = (
				1C62A3D12BE694CE00D1EDFE /* Preview Assets.xcassets in Resources */,
				1C62A3CE2BE694CE00D1EDFE /* Assets.xcassets in Resources */,
				1C62A3E82BE697C800D1EDFE /* GoogleService-Info.plist in Resources */,
			);
			runOnlyForDeploymentPostprocessing = 0;
		};
/* End PBXResourcesBuildPhase section */

/* Begin PBXSourcesBuildPhase section */
		1C62A3C22BE694CC00D1EDFE /* Sources */ = {
			isa = PBXSourcesBuildPhase;
			buildActionMask = 2147483647;
			files = (
				1C86C4B12BEA46B600627BF1 /* RecipeDetail.swift in Sources */,
				1C46368A2BE7AEAE00C2C7DB /* Selection.swift in Sources */,
				1C62A3F02BE6CB0300D1EDFE /* SearchView.swift in Sources */,
				1C62A3F32BE6D69600D1EDFE /* MainView.swift in Sources */,
				1C62A3ED2BE6AB3200D1EDFE /* RecipeViewModel.swift in Sources */,
				1C62A3EB2BE6AA3700D1EDFE /* Recipe.swift in Sources */,
				1C86C4B52BEA82B400627BF1 /* SelectedIngredientsView.swift in Sources */,
				1C62A3CC2BE694CC00D1EDFE /* RecipeView.swift in Sources */,
				1C62A3CA2BE694CC00D1EDFE /* RecipeBrowserApp.swift in Sources */,
			);
			runOnlyForDeploymentPostprocessing = 0;
		};
/* End PBXSourcesBuildPhase section */

/* Begin XCBuildConfiguration section */
		1C62A3D22BE694CE00D1EDFE /* Debug */ = {
			isa = XCBuildConfiguration;
			buildSettings = {
				ALWAYS_SEARCH_USER_PATHS = NO;
				ASSETCATALOG_COMPILER_GENERATE_SWIFT_ASSET_SYMBOL_EXTENSIONS = YES;
				CLANG_ANALYZER_NONNULL = YES;
				CLANG_ANALYZER_NUMBER_OBJECT_CONVERSION = YES_AGGRESSIVE;
				CLANG_CXX_LANGUAGE_STANDARD = "gnu++20";
				CLANG_ENABLE_MODULES = YES;
				CLANG_ENABLE_OBJC_ARC = YES;
				CLANG_ENABLE_OBJC_WEAK = YES;
				CLANG_WARN_BLOCK_CAPTURE_AUTORELEASING = YES;
				CLANG_WARN_BOOL_CONVERSION = YES;
				CLANG_WARN_COMMA = YES;
				CLANG_WARN_CONSTANT_CONVERSION = YES;
				CLANG_WARN_DEPRECATED_OBJC_IMPLEMENTATIONS = YES;
				CLANG_WARN_DIRECT_OBJC_ISA_USAGE = YES_ERROR;
				CLANG_WARN_DOCUMENTATION_COMMENTS = YES;
				CLANG_WARN_EMPTY_BODY = YES;
				CLANG_WARN_ENUM_CONVERSION = YES;
				CLANG_WARN_INFINITE_RECURSION = YES;
				CLANG_WARN_INT_CONVERSION = YES;
				CLANG_WARN_NON_LITERAL_NULL_CONVERSION = YES;
				CLANG_WARN_OBJC_IMPLICIT_RETAIN_SELF = YES;
				CLANG_WARN_OBJC_LITERAL_CONVERSION = YES;
				CLANG_WARN_OBJC_ROOT_CLASS = YES_ERROR;
				CLANG_WARN_QUOTED_INCLUDE_IN_FRAMEWORK_HEADER = YES;
				CLANG_WARN_RANGE_LOOP_ANALYSIS = YES;
				CLANG_WARN_STRICT_PROTOTYPES = YES;
				CLANG_WARN_SUSPICIOUS_MOVE = YES;
				CLANG_WARN_UNGUARDED_AVAILABILITY = YES_AGGRESSIVE;
				CLANG_WARN_UNREACHABLE_CODE = YES;
				CLANG_WARN__DUPLICATE_METHOD_MATCH = YES;
				COPY_PHASE_STRIP = NO;
				DEBUG_INFORMATION_FORMAT = dwarf;
				ENABLE_STRICT_OBJC_MSGSEND = YES;
				ENABLE_TESTABILITY = YES;
				ENABLE_USER_SCRIPT_SANDBOXING = YES;
				GCC_C_LANGUAGE_STANDARD = gnu17;
				GCC_DYNAMIC_NO_PIC = NO;
				GCC_NO_COMMON_BLOCKS = YES;
				GCC_OPTIMIZATION_LEVEL = 0;
				GCC_PREPROCESSOR_DEFINITIONS = (
					"DEBUG=1",
					"$(inherited)",
				);
				GCC_WARN_64_TO_32_BIT_CONVERSION = YES;
				GCC_WARN_ABOUT_RETURN_TYPE = YES_ERROR;
				GCC_WARN_UNDECLARED_SELECTOR = YES;
				GCC_WARN_UNINITIALIZED_AUTOS = YES_AGGRESSIVE;
				GCC_WARN_UNUSED_FUNCTION = YES;
				GCC_WARN_UNUSED_VARIABLE = YES;
				IPHONEOS_DEPLOYMENT_TARGET = 17.2;
				LOCALIZATION_PREFERS_STRING_CATALOGS = YES;
				MTL_ENABLE_DEBUG_INFO = INCLUDE_SOURCE;
				MTL_FAST_MATH = YES;
				ONLY_ACTIVE_ARCH = YES;
				SDKROOT = iphoneos;
				SWIFT_ACTIVE_COMPILATION_CONDITIONS = "DEBUG $(inherited)";
				SWIFT_OPTIMIZATION_LEVEL = "-Onone";
			};
			name = Debug;
		};
		1C62A3D32BE694CE00D1EDFE /* Release */ = {
			isa = XCBuildConfiguration;
			buildSettings = {
				ALWAYS_SEARCH_USER_PATHS = NO;
				ASSETCATALOG_COMPILER_GENERATE_SWIFT_ASSET_SYMBOL_EXTENSIONS = YES;
				CLANG_ANALYZER_NONNULL = YES;
				CLANG_ANALYZER_NUMBER_OBJECT_CONVERSION = YES_AGGRESSIVE;
				CLANG_CXX_LANGUAGE_STANDARD = "gnu++20";
				CLANG_ENABLE_MODULES = YES;
				CLANG_ENABLE_OBJC_ARC = YES;
				CLANG_ENABLE_OBJC_WEAK = YES;
				CLANG_WARN_BLOCK_CAPTURE_AUTORELEASING = YES;
				CLANG_WARN_BOOL_CONVERSION = YES;
				CLANG_WARN_COMMA = YES;
				CLANG_WARN_CONSTANT_CONVERSION = YES;
				CLANG_WARN_DEPRECATED_OBJC_IMPLEMENTATIONS = YES;
				CLANG_WARN_DIRECT_OBJC_ISA_USAGE = YES_ERROR;
				CLANG_WARN_DOCUMENTATION_COMMENTS = YES;
				CLANG_WARN_EMPTY_BODY = YES;
				CLANG_WARN_ENUM_CONVERSION = YES;
				CLANG_WARN_INFINITE_RECURSION = YES;
				CLANG_WARN_INT_CONVERSION = YES;
				CLANG_WARN_NON_LITERAL_NULL_CONVERSION = YES;
				CLANG_WARN_OBJC_IMPLICIT_RETAIN_SELF = YES;
				CLANG_WARN_OBJC_LITERAL_CONVERSION = YES;
				CLANG_WARN_OBJC_ROOT_CLASS = YES_ERROR;
				CLANG_WARN_QUOTED_INCLUDE_IN_FRAMEWORK_HEADER = YES;
				CLANG_WARN_RANGE_LOOP_ANALYSIS = YES;
				CLANG_WARN_STRICT_PROTOTYPES = YES;
				CLANG_WARN_SUSPICIOUS_MOVE = YES;
				CLANG_WARN_UNGUARDED_AVAILABILITY = YES_AGGRESSIVE;
				CLANG_WARN_UNREACHABLE_CODE = YES;
				CLANG_WARN__DUPLICATE_METHOD_MATCH = YES;
				COPY_PHASE_STRIP = NO;
				DEBUG_INFORMATION_FORMAT = "dwarf-with-dsym";
				ENABLE_NS_ASSERTIONS = NO;
				ENABLE_STRICT_OBJC_MSGSEND = YES;
				ENABLE_USER_SCRIPT_SANDBOXING = YES;
				GCC_C_LANGUAGE_STANDARD = gnu17;
				GCC_NO_COMMON_BLOCKS = YES;
				GCC_WARN_64_TO_32_BIT_CONVERSION = YES;
				GCC_WARN_ABOUT_RETURN_TYPE = YES_ERROR;
				GCC_WARN_UNDECLARED_SELECTOR = YES;
				GCC_WARN_UNINITIALIZED_AUTOS = YES_AGGRESSIVE;
				GCC_WARN_UNUSED_FUNCTION = YES;
				GCC_WARN_UNUSED_VARIABLE = YES;
				IPHONEOS_DEPLOYMENT_TARGET = 17.2;
				LOCALIZATION_PREFERS_STRING_CATALOGS = YES;
				MTL_ENABLE_DEBUG_INFO = NO;
				MTL_FAST_MATH = YES;
				SDKROOT = iphoneos;
				SWIFT_COMPILATION_MODE = wholemodule;
				VALIDATE_PRODUCT = YES;
			};
			name = Release;
		};
		1C62A3D52BE694CE00D1EDFE /* Debug */ = {
			isa = XCBuildConfiguration;
			buildSettings = {
				ASSETCATALOG_COMPILER_APPICON_NAME = AppIcon;
				ASSETCATALOG_COMPILER_GLOBAL_ACCENT_COLOR_NAME = AccentColor;
				CODE_SIGN_STYLE = Automatic;
				CURRENT_PROJECT_VERSION = 1;
				DEVELOPMENT_ASSET_PATHS = "\"RecipeBrowser/Preview Content\"";
				DEVELOPMENT_TEAM = 9F8D8U8J79;
				ENABLE_PREVIEWS = YES;
				GENERATE_INFOPLIST_FILE = YES;
				INFOPLIST_FILE = RecipeBrowser/Info.plist;
				INFOPLIST_KEY_UIApplicationSceneManifest_Generation = YES;
				INFOPLIST_KEY_UIApplicationSupportsIndirectInputEvents = YES;
				INFOPLIST_KEY_UILaunchScreen_Generation = YES;
				INFOPLIST_KEY_UISupportedInterfaceOrientations_iPad = "UIInterfaceOrientationPortrait UIInterfaceOrientationPortraitUpsideDown UIInterfaceOrientationLandscapeLeft UIInterfaceOrientationLandscapeRight";
				INFOPLIST_KEY_UISupportedInterfaceOrientations_iPhone = "UIInterfaceOrientationPortrait UIInterfaceOrientationLandscapeLeft UIInterfaceOrientationLandscapeRight";
				LD_RUNPATH_SEARCH_PATHS = (
					"$(inherited)",
					"@executable_path/Frameworks",
				);
				MARKETING_VERSION = 1.0;
				OTHER_LDFLAGS = "-ObjC";
				PRODUCT_BUNDLE_IDENTIFIER = dhbw.RecipeBrowser;
				PRODUCT_NAME = "$(TARGET_NAME)";
				SWIFT_EMIT_LOC_STRINGS = YES;
				SWIFT_VERSION = 5.0;
				TARGETED_DEVICE_FAMILY = "1,2";
			};
			name = Debug;
		};
		1C62A3D62BE694CE00D1EDFE /* Release */ = {
			isa = XCBuildConfiguration;
			buildSettings = {
				ASSETCATALOG_COMPILER_APPICON_NAME = AppIcon;
				ASSETCATALOG_COMPILER_GLOBAL_ACCENT_COLOR_NAME = AccentColor;
				CODE_SIGN_STYLE = Automatic;
				CURRENT_PROJECT_VERSION = 1;
				DEVELOPMENT_ASSET_PATHS = "\"RecipeBrowser/Preview Content\"";
				DEVELOPMENT_TEAM = 9F8D8U8J79;
				ENABLE_PREVIEWS = YES;
				GENERATE_INFOPLIST_FILE = YES;
				INFOPLIST_FILE = RecipeBrowser/Info.plist;
				INFOPLIST_KEY_UIApplicationSceneManifest_Generation = YES;
				INFOPLIST_KEY_UIApplicationSupportsIndirectInputEvents = YES;
				INFOPLIST_KEY_UILaunchScreen_Generation = YES;
				INFOPLIST_KEY_UISupportedInterfaceOrientations_iPad = "UIInterfaceOrientationPortrait UIInterfaceOrientationPortraitUpsideDown UIInterfaceOrientationLandscapeLeft UIInterfaceOrientationLandscapeRight";
				INFOPLIST_KEY_UISupportedInterfaceOrientations_iPhone = "UIInterfaceOrientationPortrait UIInterfaceOrientationLandscapeLeft UIInterfaceOrientationLandscapeRight";
				LD_RUNPATH_SEARCH_PATHS = (
					"$(inherited)",
					"@executable_path/Frameworks",
				);
				MARKETING_VERSION = 1.0;
				OTHER_LDFLAGS = "-ObjC";
				PRODUCT_BUNDLE_IDENTIFIER = dhbw.RecipeBrowser;
				PRODUCT_NAME = "$(TARGET_NAME)";
				SWIFT_EMIT_LOC_STRINGS = YES;
				SWIFT_VERSION = 5.0;
				TARGETED_DEVICE_FAMILY = "1,2";
			};
			name = Release;
		};
/* End XCBuildConfiguration section */

/* Begin XCConfigurationList section */
		1C62A3C12BE694CC00D1EDFE /* Build configuration list for PBXProject "RecipeBrowser" */ = {
			isa = XCConfigurationList;
			buildConfigurations = (
				1C62A3D22BE694CE00D1EDFE /* Debug */,
				1C62A3D32BE694CE00D1EDFE /* Release */,
			);
			defaultConfigurationIsVisible = 0;
			defaultConfigurationName = Release;
		};
		1C62A3D42BE694CE00D1EDFE /* Build configuration list for PBXNativeTarget "RecipeBrowser" */ = {
			isa = XCConfigurationList;
			buildConfigurations = (
				1C62A3D52BE694CE00D1EDFE /* Debug */,
				1C62A3D62BE694CE00D1EDFE /* Release */,
			);
			defaultConfigurationIsVisible = 0;
			defaultConfigurationName = Release;
		};
/* End XCConfigurationList section */

/* Begin XCRemoteSwiftPackageReference section */
		1C62A3D72BE6966800D1EDFE /* XCRemoteSwiftPackageReference "firebase-ios-sdk" */ = {
			isa = XCRemoteSwiftPackageReference;
			repositoryURL = "https://github.com/firebase/firebase-ios-sdk.git";
			requirement = {
				kind = upToNextMajorVersion;
				minimumVersion = 10.25.0;
			};
		};
/* End XCRemoteSwiftPackageReference section */

/* Begin XCSwiftPackageProductDependency section */
		1C62A3D82BE6966800D1EDFE /* FirebaseAnalytics */ = {
			isa = XCSwiftPackageProductDependency;
			package = 1C62A3D72BE6966800D1EDFE /* XCRemoteSwiftPackageReference "firebase-ios-sdk" */;
			productName = FirebaseAnalytics;
		};
		1C62A3DA2BE6966800D1EDFE /* FirebaseAnalyticsOnDeviceConversion */ = {
			isa = XCSwiftPackageProductDependency;
			package = 1C62A3D72BE6966800D1EDFE /* XCRemoteSwiftPackageReference "firebase-ios-sdk" */;
			productName = FirebaseAnalyticsOnDeviceConversion;
		};
		1C62A3DC2BE6966800D1EDFE /* FirebaseAnalyticsSwift */ = {
			isa = XCSwiftPackageProductDependency;
			package = 1C62A3D72BE6966800D1EDFE /* XCRemoteSwiftPackageReference "firebase-ios-sdk" */;
			productName = FirebaseAnalyticsSwift;
		};
		1C62A3DE2BE6966800D1EDFE /* FirebaseAnalyticsWithoutAdIdSupport */ = {
			isa = XCSwiftPackageProductDependency;
			package = 1C62A3D72BE6966800D1EDFE /* XCRemoteSwiftPackageReference "firebase-ios-sdk" */;
			productName = FirebaseAnalyticsWithoutAdIdSupport;
		};
		1C62A3E02BE6966800D1EDFE /* FirebaseAppCheck */ = {
			isa = XCSwiftPackageProductDependency;
			package = 1C62A3D72BE6966800D1EDFE /* XCRemoteSwiftPackageReference "firebase-ios-sdk" */;
			productName = FirebaseAppCheck;
		};
		1C62A3E32BE696CC00D1EDFE /* FirebaseDatabase */ = {
			isa = XCSwiftPackageProductDependency;
			package = 1C62A3D72BE6966800D1EDFE /* XCRemoteSwiftPackageReference "firebase-ios-sdk" */;
			productName = FirebaseDatabase;
		};
		1C62A3E52BE696CF00D1EDFE /* FirebaseDatabaseSwift */ = {
			isa = XCSwiftPackageProductDependency;
			package = 1C62A3D72BE6966800D1EDFE /* XCRemoteSwiftPackageReference "firebase-ios-sdk" */;
			productName = FirebaseDatabaseSwift;
		};
/* End XCSwiftPackageProductDependency section */
	};
	rootObject = 1C62A3BE2BE694CC00D1EDFE /* Project object */;
}
